
Microsoft Visual Studio Solution File, Format Version 12.00
# Visual Studio Version 16
VisualStudioVersion = 16.0.29806.167
MinimumVisualStudioVersion = 10.0.40219.1
Project("{FAE04EC0-301F-11D3-BF4B-00C04F79EFBC}") = "CatExhibition", "CatExhibition\CatExhibition.csproj", "{D36DEC89-FF2E-44CB-9916-03A6D9D70871}"
EndProject
Project("{FAE04EC0-301F-11D3-BF4B-00C04F79EFBC}") = "DataBaseWorkingLib", "DataBaseWorkingLib\DataBaseWorkingLib.csproj", "{E077E6BE-F45D-485F-ABCB-FED92FC32A1B}"
EndProject
Global
	GlobalSection(SolutionConfigurationPlatforms) = preSolution
		Debug|Any CPU = Debug|Any CPU
		Release|Any CPU = Release|Any CPU
	EndGlobalSection
	GlobalSection(ProjectConfigurationPlatforms) = postSolution
		{D36DEC89-FF2E-44CB-9916-03A6D9D70871}.Debug|Any CPU.ActiveCfg = Debug|Any CPU
		{D36DEC89-FF2E-44CB-9916-03A6D9D70871}.Debug|Any CPU.Build.0 = Debug|Any CPU
		{D36DEC89-FF2E-44CB-9916-03A6D9D70871}.Release|Any CPU.ActiveCfg = Release|Any CPU
		{D36DEC89-FF2E-44CB-9916-03A6D9D70871}.Release|Any CPU.Build.0 = Release|Any CPU
		{E077E6BE-F45D-485F-ABCB-FED92FC32A1B}.Debug|Any CPU.ActiveCfg = Debug|Any CPU
		{E077E6BE-F45D-485F-ABCB-FED92FC32A1B}.Debug|Any CPU.Build.0 = Debug|Any CPU
		{E077E6BE-F45D-485F-ABCB-FED92FC32A1B}.Release|Any CPU.ActiveCfg = Release|Any CPU
		{E077E6BE-F45D-485F-ABCB-FED92FC32A1B}.Release|Any CPU.Build.0 = Release|Any CPU
	EndGlobalSection
	GlobalSection(SolutionProperties) = preSolution
		HideSolutionNode = FALSE
	EndGlobalSection
	GlobalSection(ExtensibilityGlobals) = postSolution
		SolutionGuid = {C5C9042C-C4F3-4EE8-85B4-70B869812ADE}
	EndGlobalSection
EndGlobal
